<?xml version="1.0" encoding="utf-8"?>
<Project ToolsVersion="4.0" xmlns="http://schemas.microsoft.com/developer/msbuild/2003">
  <ItemGroup>
    <Filter Include="Source Files">
      <UniqueIdentifier>{67bebf86-9539-4f7f-b9e9-a376519ec1f1}</UniqueIdentifier>
    </Filter>
    <Filter Include="Header Files">
      <UniqueIdentifier>{954a8f61-1c3e-419b-baca-c5e2b83c689a}</UniqueIdentifier>
    </Filter>
    <Filter Include="Assets">
      <UniqueIdentifier>{09095d68-bcd7-45c4-b007-5c8ddb5d60a4}</UniqueIdentifier>
    </Filter>
    <Filter Include="Assets\Shaders">
      <UniqueIdentifier>{8b0cb0c9-e0d8-4107-91c8-11654fac88e7}</UniqueIdentifier>
    </Filter>
    <Filter Include="Assets\Models">
      <UniqueIdentifier>{5774135d-f21c-4f79-90df-a56827651960}</UniqueIdentifier>
    </Filter>
  </ItemGroup>
  <ItemGroup>
    <ClInclude Include="stdafx.h">
      <Filter>Header Files</Filter>
    </ClInclude>
    <ClInclude Include="lib\DXSample.h">
      <Filter>Header Files</Filter>
    </ClInclude>
    <ClInclude Include="lib\DXSampleHelper.h">
      <Filter>Header Files</Filter>
    </ClInclude>
    <ClInclude Include="lib\D3D12HelloTriangle.h">
      <Filter>Header Files</Filter>
    </ClInclude>
    <ClInclude Include="lib\Win32Application.h">
      <Filter>Header Files</Filter>
    </ClInclude>
    <ClInclude Include="lib\MeshData.h">
      <Filter>Header Files</Filter>
    </ClInclude>
    <ClInclude Include="lib\GLTFStreamReader.h">
      <Filter>Header Files</Filter>
    </ClInclude>
    <ClInclude Include="lib\Camera.h" />
    <ClInclude Include="external\BS_thread_pool.hpp" />
  </ItemGroup>
  <ItemGroup>
    <ClCompile Include="stdafx.cpp">
      <Filter>Source Files</Filter>
    </ClCompile>
    <ClCompile Include="Main.cpp">
      <Filter>Source Files</Filter>
    </ClCompile>
    <ClCompile Include="lib\DXSample.cpp">
      <Filter>Source Files</Filter>
    </ClCompile>
    <ClCompile Include="lib\D3D12HelloTriangle.cpp">
      <Filter>Source Files</Filter>
    </ClCompile>
    <ClCompile Include="lib\Win32Application.cpp">
      <Filter>Source Files</Filter>
    </ClCompile>
    <ClCompile Include="lib\GLTFStreamReader.cpp" />
    <ClCompile Include="external\stb_image.cpp" />
  </ItemGroup>
  <ItemGroup>
    <None Include="packages.config" />
  </ItemGroup>
  <ItemGroup>
    <CopyFileToFolders Include="assets\shaders\shaders.hlsl">
      <Filter>Assets\Shaders</Filter>
    </CopyFileToFolders>
    <CopyFileToFolders Include="assets\glb\alicev2rigged.glb">
      <Filter>Assets\Models</Filter>
    </CopyFileToFolders>
    <CopyFileToFolders Include="assets\glb\brick_wall.glb">
      <Filter>Assets\Models</Filter>
    </CopyFileToFolders>
    <CopyFileToFolders Include="assets\glb\furniture_decor_sculpture_8mb.glb">
      <Filter>Assets\Models</Filter>
    </CopyFileToFolders>
    <CopyFileToFolders Include="assets\glb\hand_low_poly.glb">
      <Filter>Assets\Models</Filter>
    </CopyFileToFolders>
    <CopyFileToFolders Include="assets\glb\star_wars_galaxies_-_eta-2_actis_interceptor.glb">
      <Filter>Assets\Models</Filter>
    </CopyFileToFolders>
    <CopyFileToFolders Include="assets\glb\su-33_flanker-d.glb">
      <Filter>Assets\Models</Filter>
    </CopyFileToFolders>
  </ItemGroup>
</Project>